
Microsoft Visual Studio Solution File, Format Version 12.00
# Visual Studio Version 17
VisualStudioVersion = 17.7.34018.315
MinimumVisualStudioVersion = 10.0.40219.1
Project("{FAE04EC0-301F-11D3-BF4B-00C04F79EFBC}") = "BlazorExpenseTracker.UI", "BlazorExpenseTracker.UI\BlazorExpenseTracker.UI.csproj", "{BB5E699B-FA79-48FA-87F3-123600A396A7}"
EndProject
Global
	GlobalSection(SolutionConfigurationPlatforms) = preSolution
		Debug|Any CPU = Debug|Any CPU
		Release|Any CPU = Release|Any CPU
	EndGlobalSection
	GlobalSection(ProjectConfigurationPlatforms) = postSolution
		{BB5E699B-FA79-48FA-87F3-123600A396A7}.Debug|Any CPU.ActiveCfg = Debug|Any CPU
		{BB5E699B-FA79-48FA-87F3-123600A396A7}.Debug|Any CPU.Build.0 = Debug|Any CPU
		{BB5E699B-FA79-48FA-87F3-123600A396A7}.Release|Any CPU.ActiveCfg = Release|Any CPU
		{BB5E699B-FA79-48FA-87F3-123600A396A7}.Release|Any CPU.Build.0 = Release|Any CPU
	EndGlobalSection
	GlobalSection(SolutionProperties) = preSolution
		HideSolutionNode = FALSE
	EndGlobalSection
	GlobalSection(ExtensibilityGlobals) = postSolution
		SolutionGuid = {D5EE23AE-B362-41F7-A4A1-AA4D896CEB1C}
	EndGlobalSection
EndGlobal
